
Microsoft Visual Studio Solution File, Format Version 12.00
# Visual Studio Version 16
VisualStudioVersion = 16.0.30225.117
MinimumVisualStudioVersion = 10.0.40219.1
Project("{FAE04EC0-301F-11D3-BF4B-00C04F79EFBC}") = "GlossarySystem", "GlossarySystem.csproj", "{7A578CAB-1AEA-4192-894A-8E06E4BC285C}"
EndProject
Global
	GlobalSection(SolutionConfigurationPlatforms) = preSolution
		Debug|Any CPU = Debug|Any CPU
		Release|Any CPU = Release|Any CPU
	EndGlobalSection
	GlobalSection(ProjectConfigurationPlatforms) = postSolution
		{7A578CAB-1AEA-4192-894A-8E06E4BC285C}.Debug|Any CPU.ActiveCfg = Debug|Any CPU
		{7A578CAB-1AEA-4192-894A-8E06E4BC285C}.Debug|Any CPU.Build.0 = Debug|Any CPU
		{7A578CAB-1AEA-4192-894A-8E06E4BC285C}.Release|Any CPU.ActiveCfg = Release|Any CPU
		{7A578CAB-1AEA-4192-894A-8E06E4BC285C}.Release|Any CPU.Build.0 = Release|Any CPU
	EndGlobalSection
	GlobalSection(SolutionProperties) = preSolution
		HideSolutionNode = FALSE
	EndGlobalSection
	GlobalSection(ExtensibilityGlobals) = postSolution
		SolutionGuid = {E35B0FB5-CEA4-4EEB-9940-C54D10E4131D}
	EndGlobalSection
EndGlobal
